
Microsoft Visual Studio Solution File, Format Version 12.00
# Visual Studio Version 17
VisualStudioVersion = 17.2.32616.157
MinimumVisualStudioVersion = 10.0.40219.1
Project("{FAE04EC0-301F-11D3-BF4B-00C04F79EFBC}") = "Cliente", "Cliente\Cliente.csproj", "{BA56B1C5-2C77-45BE-8A4E-862B6138A288}"
EndProject
Global
	GlobalSection(SolutionConfigurationPlatforms) = preSolution
		Debug|Any CPU = Debug|Any CPU
		Release|Any CPU = Release|Any CPU
	EndGlobalSection
	GlobalSection(ProjectConfigurationPlatforms) = postSolution
		{BA56B1C5-2C77-45BE-8A4E-862B6138A288}.Debug|Any CPU.ActiveCfg = Debug|Any CPU
		{BA56B1C5-2C77-45BE-8A4E-862B6138A288}.Debug|Any CPU.Build.0 = Debug|Any CPU
		{BA56B1C5-2C77-45BE-8A4E-862B6138A288}.Release|Any CPU.ActiveCfg = Release|Any CPU
		{BA56B1C5-2C77-45BE-8A4E-862B6138A288}.Release|Any CPU.Build.0 = Release|Any CPU
	EndGlobalSection
	GlobalSection(SolutionProperties) = preSolution
		HideSolutionNode = FALSE
	EndGlobalSection
	GlobalSection(ExtensibilityGlobals) = postSolution
		SolutionGuid = {1E5B38C9-C388-471F-AFB3-EEFB3E27FD44}
	EndGlobalSection
EndGlobal
